
Microsoft Visual Studio Solution File, Format Version 12.00
# Visual Studio Version 17
VisualStudioVersion = 17.6.33927.249
MinimumVisualStudioVersion = 10.0.40219.1
Project("{FAE04EC0-301F-11D3-BF4B-00C04F79EFBC}") = "MalzemeTakip", "MalzemeTakip\MalzemeTakip.csproj", "{8DC351E4-7CD1-4BCF-A6E4-8B30BFE3D0CB}"
EndProject
Global
	GlobalSection(SolutionConfigurationPlatforms) = preSolution
		Debug|Any CPU = Debug|Any CPU
		Release|Any CPU = Release|Any CPU
	EndGlobalSection
	GlobalSection(ProjectConfigurationPlatforms) = postSolution
		{8DC351E4-7CD1-4BCF-A6E4-8B30BFE3D0CB}.Debug|Any CPU.ActiveCfg = Debug|Any CPU
		{8DC351E4-7CD1-4BCF-A6E4-8B30BFE3D0CB}.Debug|Any CPU.Build.0 = Debug|Any CPU
		{8DC351E4-7CD1-4BCF-A6E4-8B30BFE3D0CB}.Release|Any CPU.ActiveCfg = Release|Any CPU
		{8DC351E4-7CD1-4BCF-A6E4-8B30BFE3D0CB}.Release|Any CPU.Build.0 = Release|Any CPU
	EndGlobalSection
	GlobalSection(SolutionProperties) = preSolution
		HideSolutionNode = FALSE
	EndGlobalSection
	GlobalSection(ExtensibilityGlobals) = postSolution
		SolutionGuid = {7B669700-0F71-4524-8565-241384338349}
	EndGlobalSection
EndGlobal
